// !$*UTF8*$!
{
	archiveVersion = 1;
	classes = {
	};
	objectVersion = 55;
	objects = {

/* Begin PBXBuildFile section */
		48A5EA3A292EFC4400CC3FCE /* AppDelegate.swift in Sources */ = {isa = PBXBuildFile; fileRef = 48A5EA39292EFC4400CC3FCE /* AppDelegate.swift */; };
		48A5EA3C292EFC4400CC3FCE /* SceneDelegate.swift in Sources */ = {isa = PBXBuildFile; fileRef = 48A5EA3B292EFC4400CC3FCE /* SceneDelegate.swift */; };
		48A5EA3E292EFC4400CC3FCE /* ViewController.swift in Sources */ = {isa = PBXBuildFile; fileRef = 48A5EA3D292EFC4400CC3FCE /* ViewController.swift */; };
		48A5EA41292EFC4400CC3FCE /* Main.storyboard in Resources */ = {isa = PBXBuildFile; fileRef = 48A5EA3F292EFC4400CC3FCE /* Main.storyboard */; };
		48A5EA43292EFC4500CC3FCE /* Assets.xcassets in Resources */ = {isa = PBXBuildFile; fileRef = 48A5EA42292EFC4500CC3FCE /* Assets.xcassets */; };
		48A5EA46292EFC4500CC3FCE /* LaunchScreen.storyboard in Resources */ = {isa = PBXBuildFile; fileRef = 48A5EA44292EFC4500CC3FCE /* LaunchScreen.storyboard */; };
		48A5EA51292EFC4600CC3FCE /* Exercise_01Tests.swift in Sources */ = {isa = PBXBuildFile; fileRef = 48A5EA50292EFC4600CC3FCE /* Exercise_01Tests.swift */; };
		48A5EA5B292EFC4600CC3FCE /* Exercise_01UITests.swift in Sources */ = {isa = PBXBuildFile; fileRef = 48A5EA5A292EFC4600CC3FCE /* Exercise_01UITests.swift */; };
		48A5EA5D292EFC4600CC3FCE /* Exercise_01UITestsLaunchTests.swift in Sources */ = {isa = PBXBuildFile; fileRef = 48A5EA5C292EFC4600CC3FCE /* Exercise_01UITestsLaunchTests.swift */; };
		48A5EA6A292EFD4200CC3FCE /* TableViewCell.swift in Sources */ = {isa = PBXBuildFile; fileRef = 48A5EA69292EFD4200CC3FCE /* TableViewCell.swift */; };
		48A5EA6C292F0D6D00CC3FCE /* MovieDetailViewController.swift in Sources */ = {isa = PBXBuildFile; fileRef = 48A5EA6B292F0D6D00CC3FCE /* MovieDetailViewController.swift */; };
/* End PBXBuildFile section */

/* Begin PBXContainerItemProxy section */
		48A5EA4D292EFC4600CC3FCE /* PBXContainerItemProxy */ = {
			isa = PBXContainerItemProxy;
			containerPortal = 48A5EA2E292EFC4400CC3FCE /* Project object */;
			proxyType = 1;
			remoteGlobalIDString = 48A5EA35292EFC4400CC3FCE;
			remoteInfo = Exercise_01;
		};
		48A5EA57292EFC4600CC3FCE /* PBXContainerItemProxy */ = {
			isa = PBXContainerItemProxy;
			containerPortal = 48A5EA2E292EFC4400CC3FCE /* Project object */;
			proxyType = 1;
			remoteGlobalIDString = 48A5EA35292EFC4400CC3FCE;
			remoteInfo = Exercise_01;
		};
/* End PBXContainerItemProxy section */

/* Begin PBXFileReference section */
		48A5EA36292EFC4400CC3FCE /* Exercise_01.app */ = {isa = PBXFileReference; explicitFileType = wrapper.application; includeInIndex = 0; path = Exercise_01.app; sourceTree = BUILT_PRODUCTS_DIR; };
		48A5EA39292EFC4400CC3FCE /* AppDelegate.swift */ = {isa = PBXFileReference; lastKnownFileType = sourcecode.swift; path = AppDelegate.swift; sourceTree = "<group>"; };
		48A5EA3B292EFC4400CC3FCE /* SceneDelegate.swift */ = {isa = PBXFileReference; lastKnownFileType = sourcecode.swift; path = SceneDelegate.swift; sourceTree = "<group>"; };
		48A5EA3D292EFC4400CC3FCE /* ViewController.swift */ = {isa = PBXFileReference; lastKnownFileType = sourcecode.swift; path = ViewController.swift; sourceTree = "<group>"; };
		48A5EA40292EFC4400CC3FCE /* Base */ = {isa = PBXFileReference; lastKnownFileType = file.storyboard; name = Base; path = Base.lproj/Main.storyboard; sourceTree = "<group>"; };
		48A5EA42292EFC4500CC3FCE /* Assets.xcassets */ = {isa = PBXFileReference; lastKnownFileType = folder.assetcatalog; path = Assets.xcassets; sourceTree = "<group>"; };
		48A5EA45292EFC4500CC3FCE /* Base */ = {isa = PBXFileReference; lastKnownFileType = file.storyboard; name = Base; path = Base.lproj/LaunchScreen.storyboard; sourceTree = "<group>"; };
		48A5EA47292EFC4500CC3FCE /* Info.plist */ = {isa = PBXFileReference; lastKnownFileType = text.plist.xml; path = Info.plist; sourceTree = "<group>"; };
		48A5EA4C292EFC4600CC3FCE /* Exercise_01Tests.xctest */ = {isa = PBXFileReference; explicitFileType = wrapper.cfbundle; includeInIndex = 0; path = Exercise_01Tests.xctest; sourceTree = BUILT_PRODUCTS_DIR; };
		48A5EA50292EFC4600CC3FCE /* Exercise_01Tests.swift */ = {isa = PBXFileReference; lastKnownFileType = sourcecode.swift; path = Exercise_01Tests.swift; sourceTree = "<group>"; };
		48A5EA56292EFC4600CC3FCE /* Exercise_01UITests.xctest */ = {isa = PBXFileReference; explicitFileType = wrapper.cfbundle; includeInIndex = 0; path = Exercise_01UITests.xctest; sourceTree = BUILT_PRODUCTS_DIR; };
		48A5EA5A292EFC4600CC3FCE /* Exercise_01UITests.swift */ = {isa = PBXFileReference; lastKnownFileType = sourcecode.swift; path = Exercise_01UITests.swift; sourceTree = "<group>"; };
		48A5EA5C292EFC4600CC3FCE /* Exercise_01UITestsLaunchTests.swift */ = {isa = PBXFileReference; lastKnownFileType = sourcecode.swift; path = Exercise_01UITestsLaunchTests.swift; sourceTree = "<group>"; };
		48A5EA69292EFD4200CC3FCE /* TableViewCell.swift */ = {isa = PBXFileReference; lastKnownFileType = sourcecode.swift; path = TableViewCell.swift; sourceTree = "<group>"; };
		48A5EA6B292F0D6D00CC3FCE /* MovieDetailViewController.swift */ = {isa = PBXFileReference; lastKnownFileType = sourcecode.swift; path = MovieDetailViewController.swift; sourceTree = "<group>"; };
/* End PBXFileReference section */

/* Begin PBXFrameworksBuildPhase section */
		48A5EA33292EFC4400CC3FCE /* Frameworks */ = {
			isa = PBXFrameworksBuildPhase;
			buildActionMask = 2147483647;
			files = (
			);
			runOnlyForDeploymentPostprocessing = 0;
		};
		48A5EA49292EFC4600CC3FCE /* Frameworks */ = {
			isa = PBXFrameworksBuildPhase;
			buildActionMask = 2147483647;
			files = (
			);
			runOnlyForDeploymentPostprocessing = 0;
		};
		48A5EA53292EFC4600CC3FCE /* Frameworks */ = {
			isa = PBXFrameworksBuildPhase;
			buildActionMask = 2147483647;
			files = (
			);
			runOnlyForDeploymentPostprocessing = 0;
		};
/* End PBXFrameworksBuildPhase section */

/* Begin PBXGroup section */
		48A5EA2D292EFC4400CC3FCE = {
			isa = PBXGroup;
			children = (
				48A5EA38292EFC4400CC3FCE /* Exercise_01 */,
				48A5EA4F292EFC4600CC3FCE /* Exercise_01Tests */,
				48A5EA59292EFC4600CC3FCE /* Exercise_01UITests */,
				48A5EA37292EFC4400CC3FCE /* Products */,
			);
			sourceTree = "<group>";
		};
		48A5EA37292EFC4400CC3FCE /* Products */ = {
			isa = PBXGroup;
			children = (
				48A5EA36292EFC4400CC3FCE /* Exercise_01.app */,
				48A5EA4C292EFC4600CC3FCE /* Exercise_01Tests.xctest */,
				48A5EA56292EFC4600CC3FCE /* Exercise_01UITests.xctest */,
			);
			name = Products;
			sourceTree = "<group>";
		};
		48A5EA38292EFC4400CC3FCE /* Exercise_01 */ = {
			isa = PBXGroup;
			children = (
				48A5EA39292EFC4400CC3FCE /* AppDelegate.swift */,
				48A5EA3B292EFC4400CC3FCE /* SceneDelegate.swift */,
				48A5EA3D292EFC4400CC3FCE /* ViewController.swift */,
				48A5EA69292EFD4200CC3FCE /* TableViewCell.swift */,
				48A5EA6B292F0D6D00CC3FCE /* MovieDetailViewController.swift */,
				48A5EA3F292EFC4400CC3FCE /* Main.storyboard */,
				48A5EA42292EFC4500CC3FCE /* Assets.xcassets */,
				48A5EA44292EFC4500CC3FCE /* LaunchScreen.storyboard */,
				48A5EA47292EFC4500CC3FCE /* Info.plist */,
			);
			path = Exercise_01;
			sourceTree = "<group>";
		};
		48A5EA4F292EFC4600CC3FCE /* Exercise_01Tests */ = {
			isa = PBXGroup;
			children = (
				48A5EA50292EFC4600CC3FCE /* Exercise_01Tests.swift */,
			);
			path = Exercise_01Tests;
			sourceTree = "<group>";
		};
		48A5EA59292EFC4600CC3FCE /* Exercise_01UITests */ = {
			isa = PBXGroup;
			children = (
				48A5EA5A292EFC4600CC3FCE /* Exercise_01UITests.swift */,
				48A5EA5C292EFC4600CC3FCE /* Exercise_01UITestsLaunchTests.swift */,
			);
			path = Exercise_01UITests;
			sourceTree = "<group>";
		};
/* End PBXGroup section */

/* Begin PBXNativeTarget section */
		48A5EA35292EFC4400CC3FCE /* Exercise_01 */ = {
			isa = PBXNativeTarget;
			buildConfigurationList = 48A5EA60292EFC4600CC3FCE /* Build configuration list for PBXNativeTarget "Exercise_01" */;
			buildPhases = (
				48A5EA32292EFC4400CC3FCE /* Sources */,
				48A5EA33292EFC4400CC3FCE /* Frameworks */,
				48A5EA34292EFC4400CC3FCE /* Resources */,
			);
			buildRules = (
			);
			dependencies = (
			);
			name = Exercise_01;
			productName = Exercise_01;
			productReference = 48A5EA36292EFC4400CC3FCE /* Exercise_01.app */;
			productType = "com.apple.product-type.application";
		};
		48A5EA4B292EFC4600CC3FCE /* Exercise_01Tests */ = {
			isa = PBXNativeTarget;
			buildConfigurationList = 48A5EA63292EFC4600CC3FCE /* Build configuration list for PBXNativeTarget "Exercise_01Tests" */;
			buildPhases = (
				48A5EA48292EFC4600CC3FCE /* Sources */,
				48A5EA49292EFC4600CC3FCE /* Frameworks */,
				48A5EA4A292EFC4600CC3FCE /* Resources */,
			);
			buildRules = (
			);
			dependencies = (
				48A5EA4E292EFC4600CC3FCE /* PBXTargetDependency */,
			);
			name = Exercise_01Tests;
			productName = Exercise_01Tests;
			productReference = 48A5EA4C292EFC4600CC3FCE /* Exercise_01Tests.xctest */;
			productType = "com.apple.product-type.bundle.unit-test";
		};
		48A5EA55292EFC4600CC3FCE /* Exercise_01UITests */ = {
			isa = PBXNativeTarget;
			buildConfigurationList = 48A5EA66292EFC4600CC3FCE /* Build configuration list for PBXNativeTarget "Exercise_01UITests" */;
			buildPhases = (
				48A5EA52292EFC4600CC3FCE /* Sources */,
				48A5EA53292EFC4600CC3FCE /* Frameworks */,
				48A5EA54292EFC4600CC3FCE /* Resources */,
			);
			buildRules = (
			);
			dependencies = (
				48A5EA58292EFC4600CC3FCE /* PBXTargetDependency */,
			);
			name = Exercise_01UITests;
			productName = Exercise_01UITests;
			productReference = 48A5EA56292EFC4600CC3FCE /* Exercise_01UITests.xctest */;
			productType = "com.apple.product-type.bundle.ui-testing";
		};
/* End PBXNativeTarget section */

/* Begin PBXProject section */
		48A5EA2E292EFC4400CC3FCE /* Project object */ = {
			isa = PBXProject;
			attributes = {
				BuildIndependentTargetsInParallel = 1;
				LastSwiftUpdateCheck = 1340;
				LastUpgradeCheck = 1340;
				TargetAttributes = {
					48A5EA35292EFC4400CC3FCE = {
						CreatedOnToolsVersion = 13.4.1;
					};
					48A5EA4B292EFC4600CC3FCE = {
						CreatedOnToolsVersion = 13.4.1;
						TestTargetID = 48A5EA35292EFC4400CC3FCE;
					};
					48A5EA55292EFC4600CC3FCE = {
						CreatedOnToolsVersion = 13.4.1;
						TestTargetID = 48A5EA35292EFC4400CC3FCE;
					};
				};
			};
			buildConfigurationList = 48A5EA31292EFC4400CC3FCE /* Build configuration list for PBXProject "Exercise_01" */;
			compatibilityVersion = "Xcode 13.0";
			developmentRegion = en;
			hasScannedForEncodings = 0;
			knownRegions = (
				en,
				Base,
			);
			mainGroup = 48A5EA2D292EFC4400CC3FCE;
			productRefGroup = 48A5EA37292EFC4400CC3FCE /* Products */;
			projectDirPath = "";
			projectRoot = "";
			targets = (
				48A5EA35292EFC4400CC3FCE /* Exercise_01 */,
				48A5EA4B292EFC4600CC3FCE /* Exercise_01Tests */,
				48A5EA55292EFC4600CC3FCE /* Exercise_01UITests */,
			);
		};
/* End PBXProject section */

/* Begin PBXResourcesBuildPhase section */
		48A5EA34292EFC4400CC3FCE /* Resources */ = {
			isa = PBXResourcesBuildPhase;
			buildActionMask = 2147483647;
			files = (
				48A5EA46292EFC4500CC3FCE /* LaunchScreen.storyboard in Resources */,
				48A5EA43292EFC4500CC3FCE /* Assets.xcassets in Resources */,
				48A5EA41292EFC4400CC3FCE /* Main.storyboard in Resources */,
			);
			runOnlyForDeploymentPostprocessing = 0;
		};
		48A5EA4A292EFC4600CC3FCE /* Resources */ = {
			isa = PBXResourcesBuildPhase;
			buildActionMask = 2147483647;
			files = (
			);
			runOnlyForDeploymentPostprocessing = 0;
		};
		48A5EA54292EFC4600CC3FCE /* Resources */ = {
			isa = PBXResourcesBuildPhase;
			buildActionMask = 2147483647;
			files = (
			);
			runOnlyForDeploymentPostprocessing = 0;
		};
/* End PBXResourcesBuildPhase section */

/* Begin PBXSourcesBuildPhase section */
		48A5EA32292EFC4400CC3FCE /* Sources */ = {
			isa = PBXSourcesBuildPhase;
			buildActionMask = 2147483647;
			files = (
				48A5EA3E292EFC4400CC3FCE /* ViewController.swift in Sources */,
				48A5EA6C292F0D6D00CC3FCE /* MovieDetailViewController.swift in Sources */,
				48A5EA6A292EFD4200CC3FCE /* TableViewCell.swift in Sources */,
				48A5EA3A292EFC4400CC3FCE /* AppDelegate.swift in Sources */,
				48A5EA3C292EFC4400CC3FCE /* SceneDelegate.swift in Sources */,
			);
			runOnlyForDeploymentPostprocessing = 0;
		};
		48A5EA48292EFC4600CC3FCE /* Sources */ = {
			isa = PBXSourcesBuildPhase;
			buildActionMask = 2147483647;
			files = (
				48A5EA51292EFC4600CC3FCE /* Exercise_01Tests.swift in Sources */,
			);
			runOnlyForDeploymentPostprocessing = 0;
		};
		48A5EA52292EFC4600CC3FCE /* Sources */ = {
			isa = PBXSourcesBuildPhase;
			buildActionMask = 2147483647;
			files = (
				48A5EA5B292EFC4600CC3FCE /* Exercise_01UITests.swift in Sources */,
				48A5EA5D292EFC4600CC3FCE /* Exercise_01UITestsLaunchTests.swift in Sources */,
			);
			runOnlyForDeploymentPostprocessing = 0;
		};
/* End PBXSourcesBuildPhase section */

/* Begin PBXTargetDependency section */
		48A5EA4E292EFC4600CC3FCE /* PBXTargetDependency */ = {
			isa = PBXTargetDependency;
			target = 48A5EA35292EFC4400CC3FCE /* Exercise_01 */;
			targetProxy = 48A5EA4D292EFC4600CC3FCE /* PBXContainerItemProxy */;
		};
		48A5EA58292EFC4600CC3FCE /* PBXTargetDependency */ = {
			isa = PBXTargetDependency;
			target = 48A5EA35292EFC4400CC3FCE /* Exercise_01 */;
			targetProxy = 48A5EA57292EFC4600CC3FCE /* PBXContainerItemProxy */;
		};
/* End PBXTargetDependency section */

/* Begin PBXVariantGroup section */
		48A5EA3F292EFC4400CC3FCE /* Main.storyboard */ = {
			isa = PBXVariantGroup;
			children = (
				48A5EA40292EFC4400CC3FCE /* Base */,
			);
			name = Main.storyboard;
			sourceTree = "<group>";
		};
		48A5EA44292EFC4500CC3FCE /* LaunchScreen.storyboard */ = {
			isa = PBXVariantGroup;
			children = (
				48A5EA45292EFC4500CC3FCE /* Base */,
			);
			name = LaunchScreen.storyboard;
			sourceTree = "<group>";
		};
/* End PBXVariantGroup section */

/* Begin XCBuildConfiguration section */
		48A5EA5E292EFC4600CC3FCE /* Debug */ = {
			isa = XCBuildConfiguration;
			buildSettings = {
				ALWAYS_SEARCH_USER_PATHS = NO;
				CLANG_ANALYZER_NONNULL = YES;
				CLANG_ANALYZER_NUMBER_OBJECT_CONVERSION = YES_AGGRESSIVE;
				CLANG_CXX_LANGUAGE_STANDARD = "gnu++17";
				CLANG_ENABLE_MODULES = YES;
				CLANG_ENABLE_OBJC_ARC = YES;
				CLANG_ENABLE_OBJC_WEAK = YES;
				CLANG_WARN_BLOCK_CAPTURE_AUTORELEASING = YES;
				CLANG_WARN_BOOL_CONVERSION = YES;
				CLANG_WARN_COMMA = YES;
				CLANG_WARN_CONSTANT_CONVERSION = YES;
				CLANG_WARN_DEPRECATED_OBJC_IMPLEMENTATIONS = YES;
				CLANG_WARN_DIRECT_OBJC_ISA_USAGE = YES_ERROR;
				CLANG_WARN_DOCUMENTATION_COMMENTS = YES;
				CLANG_WARN_EMPTY_BODY = YES;
				CLANG_WARN_ENUM_CONVERSION = YES;
				CLANG_WARN_INFINITE_RECURSION = YES;
				CLANG_WARN_INT_CONVERSION = YES;
				CLANG_WARN_NON_LITERAL_NULL_CONVERSION = YES;
				CLANG_WARN_OBJC_IMPLICIT_RETAIN_SELF = YES;
				CLANG_WARN_OBJC_LITERAL_CONVERSION = YES;
				CLANG_WARN_OBJC_ROOT_CLASS = YES_ERROR;
				CLANG_WARN_QUOTED_INCLUDE_IN_FRAMEWORK_HEADER = YES;
				CLANG_WARN_RANGE_LOOP_ANALYSIS = YES;
				CLANG_WARN_STRICT_PROTOTYPES = YES;
				CLANG_WARN_SUSPICIOUS_MOVE = YES;
				CLANG_WARN_UNGUARDED_AVAILABILITY = YES_AGGRESSIVE;
				CLANG_WARN_UNREACHABLE_CODE = YES;
				CLANG_WARN__DUPLICATE_METHOD_MATCH = YES;
				COPY_PHASE_STRIP = NO;
				DEBUG_INFORMATION_FORMAT = dwarf;
				ENABLE_STRICT_OBJC_MSGSEND = YES;
				ENABLE_TESTABILITY = YES;
				GCC_C_LANGUAGE_STANDARD = gnu11;
				GCC_DYNAMIC_NO_PIC = NO;
				GCC_NO_COMMON_BLOCKS = YES;
				GCC_OPTIMIZATION_LEVEL = 0;
				GCC_PREPROCESSOR_DEFINITIONS = (
					"DEBUG=1",
					"$(inherited)",
				);
				GCC_WARN_64_TO_32_BIT_CONVERSION = YES;
				GCC_WARN_ABOUT_RETURN_TYPE = YES_ERROR;
				GCC_WARN_UNDECLARED_SELECTOR = YES;
				GCC_WARN_UNINITIALIZED_AUTOS = YES_AGGRESSIVE;
				GCC_WARN_UNUSED_FUNCTION = YES;
				GCC_WARN_UNUSED_VARIABLE = YES;
				IPHONEOS_DEPLOYMENT_TARGET = 15.5;
				MTL_ENABLE_DEBUG_INFO = INCLUDE_SOURCE;
				MTL_FAST_MATH = YES;
				ONLY_ACTIVE_ARCH = YES;
				SDKROOT = iphoneos;
				SWIFT_ACTIVE_COMPILATION_CONDITIONS = DEBUG;
				SWIFT_OPTIMIZATION_LEVEL = "-Onone";
			};
			name = Debug;
		};
		48A5EA5F292EFC4600CC3FCE /* Release */ = {
			isa = XCBuildConfiguration;
			buildSettings = {
				ALWAYS_SEARCH_USER_PATHS = NO;
				CLANG_ANALYZER_NONNULL = YES;
				CLANG_ANALYZER_NUMBER_OBJECT_CONVERSION = YES_AGGRESSIVE;
				CLANG_CXX_LANGUAGE_STANDARD = "gnu++17";
				CLANG_ENABLE_MODULES = YES;
				CLANG_ENABLE_OBJC_ARC = YES;
				CLANG_ENABLE_OBJC_WEAK = YES;
				CLANG_WARN_BLOCK_CAPTURE_AUTORELEASING = YES;
				CLANG_WARN_BOOL_CONVERSION = YES;
				CLANG_WARN_COMMA = YES;
				CLANG_WARN_CONSTANT_CONVERSION = YES;
				CLANG_WARN_DEPRECATED_OBJC_IMPLEMENTATIONS = YES;
				CLANG_WARN_DIRECT_OBJC_ISA_USAGE = YES_ERROR;
				CLANG_WARN_DOCUMENTATION_COMMENTS = YES;
				CLANG_WARN_EMPTY_BODY = YES;
				CLANG_WARN_ENUM_CONVERSION = YES;
				CLANG_WARN_INFINITE_RECURSION = YES;
				CLANG_WARN_INT_CONVERSION = YES;
				CLANG_WARN_NON_LITERAL_NULL_CONVERSION = YES;
				CLANG_WARN_OBJC_IMPLICIT_RETAIN_SELF = YES;
				CLANG_WARN_OBJC_LITERAL_CONVERSION = YES;
				CLANG_WARN_OBJC_ROOT_CLASS = YES_ERROR;
				CLANG_WARN_QUOTED_INCLUDE_IN_FRAMEWORK_HEADER = YES;
				CLANG_WARN_RANGE_LOOP_ANALYSIS = YES;
				CLANG_WARN_STRICT_PROTOTYPES = YES;
				CLANG_WARN_SUSPICIOUS_MOVE = YES;
				CLANG_WARN_UNGUARDED_AVAILABILITY = YES_AGGRESSIVE;
				CLANG_WARN_UNREACHABLE_CODE = YES;
				CLANG_WARN__DUPLICATE_METHOD_MATCH = YES;
				COPY_PHASE_STRIP = NO;
				DEBUG_INFORMATION_FORMAT = "dwarf-with-dsym";
				ENABLE_NS_ASSERTIONS = NO;
				ENABLE_STRICT_OBJC_MSGSEND = YES;
				GCC_C_LANGUAGE_STANDARD = gnu11;
				GCC_NO_COMMON_BLOCKS = YES;
				GCC_WARN_64_TO_32_BIT_CONVERSION = YES;
				GCC_WARN_ABOUT_RETURN_TYPE = YES_ERROR;
				GCC_WARN_UNDECLARED_SELECTOR = YES;
				GCC_WARN_UNINITIALIZED_AUTOS = YES_AGGRESSIVE;
				GCC_WARN_UNUSED_FUNCTION = YES;
				GCC_WARN_UNUSED_VARIABLE = YES;
				IPHONEOS_DEPLOYMENT_TARGET = 15.5;
				MTL_ENABLE_DEBUG_INFO = NO;
				MTL_FAST_MATH = YES;
				SDKROOT = iphoneos;
				SWIFT_COMPILATION_MODE = wholemodule;
				SWIFT_OPTIMIZATION_LEVEL = "-O";
				VALIDATE_PRODUCT = YES;
			};
			name = Release;
		};
		48A5EA61292EFC4600CC3FCE /* Debug */ = {
			isa = XCBuildConfiguration;
			buildSettings = {
				ASSETCATALOG_COMPILER_APPICON_NAME = AppIcon;
				ASSETCATALOG_COMPILER_GLOBAL_ACCENT_COLOR_NAME = AccentColor;
				CODE_SIGN_STYLE = Automatic;
				CURRENT_PROJECT_VERSION = 1;
				GENERATE_INFOPLIST_FILE = YES;
				INFOPLIST_FILE = Exercise_01/Info.plist;
				INFOPLIST_KEY_UIApplicationSupportsIndirectInputEvents = YES;
				INFOPLIST_KEY_UILaunchStoryboardName = LaunchScreen;
				INFOPLIST_KEY_UIMainStoryboardFile = Main;
				INFOPLIST_KEY_UISupportedInterfaceOrientations_iPad = "UIInterfaceOrientationPortrait UIInterfaceOrientationPortraitUpsideDown UIInterfaceOrientationLandscapeLeft UIInterfaceOrientationLandscapeRight";
				INFOPLIST_KEY_UISupportedInterfaceOrientations_iPhone = "UIInterfaceOrientationPortrait UIInterfaceOrientationLandscapeLeft UIInterfaceOrientationLandscapeRight";
				LD_RUNPATH_SEARCH_PATHS = (
					"$(inherited)",
					"@executable_path/Frameworks",
				);
				MARKETING_VERSION = 1.0;
				PRODUCT_BUNDLE_IDENTIFIER = "ca.georgiancollege.Exercise-01";
				PRODUCT_NAME = "$(TARGET_NAME)";
				SWIFT_EMIT_LOC_STRINGS = YES;
				SWIFT_VERSION = 5.0;
				TARGETED_DEVICE_FAMILY = "1,2";
			};
			name = Debug;
		};
		48A5EA62292EFC4600CC3FCE /* Release */ = {
			isa = XCBuildConfiguration;
			buildSettings = {
				ASSETCATALOG_COMPILER_APPICON_NAME = AppIcon;
				ASSETCATALOG_COMPILER_GLOBAL_ACCENT_COLOR_NAME = AccentColor;
				CODE_SIGN_STYLE = Automatic;
				CURRENT_PROJECT_VERSION = 1;
				GENERATE_INFOPLIST_FILE = YES;
				INFOPLIST_FILE = Exercise_01/Info.plist;
				INFOPLIST_KEY_UIApplicationSupportsIndirectInputEvents = YES;
				INFOPLIST_KEY_UILaunchStoryboardName = LaunchScreen;
				INFOPLIST_KEY_UIMainStoryboardFile = Main;
				INFOPLIST_KEY_UISupportedInterfaceOrientations_iPad = "UIInterfaceOrientationPortrait UIInterfaceOrientationPortraitUpsideDown UIInterfaceOrientationLandscapeLeft UIInterfaceOrientationLandscapeRight";
				INFOPLIST_KEY_UISupportedInterfaceOrientations_iPhone = "UIInterfaceOrientationPortrait UIInterfaceOrientationLandscapeLeft UIInterfaceOrientationLandscapeRight";
				LD_RUNPATH_SEARCH_PATHS = (
					"$(inherited)",
					"@executable_path/Frameworks",
				);
				MARKETING_VERSION = 1.0;
				PRODUCT_BUNDLE_IDENTIFIER = "ca.georgiancollege.Exercise-01";
				PRODUCT_NAME = "$(TARGET_NAME)";
				SWIFT_EMIT_LOC_STRINGS = YES;
				SWIFT_VERSION = 5.0;
				TARGETED_DEVICE_FAMILY = "1,2";
			};
			name = Release;
		};
		48A5EA64292EFC4600CC3FCE /* Debug */ = {
			isa = XCBuildConfiguration;
			buildSettings = {
				ALWAYS_EMBED_SWIFT_STANDARD_LIBRARIES = YES;
				BUNDLE_LOADER = "$(TEST_HOST)";
				CODE_SIGN_STYLE = Automatic;
				CURRENT_PROJECT_VERSION = 1;
				GENERATE_INFOPLIST_FILE = YES;
				IPHONEOS_DEPLOYMENT_TARGET = 15.5;
				MARKETING_VERSION = 1.0;
				PRODUCT_BUNDLE_IDENTIFIER = "ca.georgiancollege.Exercise-01Tests";
				PRODUCT_NAME = "$(TARGET_NAME)";
				SWIFT_EMIT_LOC_STRINGS = NO;
				SWIFT_VERSION = 5.0;
				TARGETED_DEVICE_FAMILY = "1,2";
				TEST_HOST = "$(BUILT_PRODUCTS_DIR)/Exercise_01.app/Exercise_01";
			};
			name = Debug;
		};
		48A5EA65292EFC4600CC3FCE /* Release */ = {
			isa = XCBuildConfiguration;
			buildSettings = {
				ALWAYS_EMBED_SWIFT_STANDARD_LIBRARIES = YES;
				BUNDLE_LOADER = "$(TEST_HOST)";
				CODE_SIGN_STYLE = Automatic;
				CURRENT_PROJECT_VERSION = 1;
				GENERATE_INFOPLIST_FILE = YES;
				IPHONEOS_DEPLOYMENT_TARGET = 15.5;
				MARKETING_VERSION = 1.0;
				PRODUCT_BUNDLE_IDENTIFIER = "ca.georgiancollege.Exercise-01Tests";
				PRODUCT_NAME = "$(TARGET_NAME)";
				SWIFT_EMIT_LOC_STRINGS = NO;
				SWIFT_VERSION = 5.0;
				TARGETED_DEVICE_FAMILY = "1,2";
				TEST_HOST = "$(BUILT_PRODUCTS_DIR)/Exercise_01.app/Exercise_01";
			};
			name = Release;
		};
		48A5EA67292EFC4600CC3FCE /* Debug */ = {
			isa = XCBuildConfiguration;
			buildSettings = {
				ALWAYS_EMBED_SWIFT_STANDARD_LIBRARIES = YES;
				CODE_SIGN_STYLE = Automatic;
				CURRENT_PROJECT_VERSION = 1;
				GENERATE_INFOPLIST_FILE = YES;
				MARKETING_VERSION = 1.0;
				PRODUCT_BUNDLE_IDENTIFIER = "ca.georgiancollege.Exercise-01UITests";
				PRODUCT_NAME = "$(TARGET_NAME)";
				SWIFT_EMIT_LOC_STRINGS = NO;
				SWIFT_VERSION = 5.0;
				TARGETED_DEVICE_FAMILY = "1,2";
				TEST_TARGET_NAME = Exercise_01;
			};
			name = Debug;
		};
		48A5EA68292EFC4600CC3FCE /* Release */ = {
			isa = XCBuildConfiguration;
			buildSettings = {
				ALWAYS_EMBED_SWIFT_STANDARD_LIBRARIES = YES;
				CODE_SIGN_STYLE = Automatic;
				CURRENT_PROJECT_VERSION = 1;
				GENERATE_INFOPLIST_FILE = YES;
				MARKETING_VERSION = 1.0;
				PRODUCT_BUNDLE_IDENTIFIER = "ca.georgiancollege.Exercise-01UITests";
				PRODUCT_NAME = "$(TARGET_NAME)";
				SWIFT_EMIT_LOC_STRINGS = NO;
				SWIFT_VERSION = 5.0;
				TARGETED_DEVICE_FAMILY = "1,2";
				TEST_TARGET_NAME = Exercise_01;
			};
			name = Release;
		};
/* End XCBuildConfiguration section */

/* Begin XCConfigurationList section */
		48A5EA31292EFC4400CC3FCE /* Build configuration list for PBXProject "Exercise_01" */ = {
			isa = XCConfigurationList;
			buildConfigurations = (
				48A5EA5E292EFC4600CC3FCE /* Debug */,
				48A5EA5F292EFC4600CC3FCE /* Release */,
			);
			defaultConfigurationIsVisible = 0;
			defaultConfigurationName = Release;
		};
		48A5EA60292EFC4600CC3FCE /* Build configuration list for PBXNativeTarget "Exercise_01" */ = {
			isa = XCConfigurationList;
			buildConfigurations = (
				48A5EA61292EFC4600CC3FCE /* Debug */,
				48A5EA62292EFC4600CC3FCE /* Release */,
			);
			defaultConfigurationIsVisible = 0;
			defaultConfigurationName = Release;
		};
		48A5EA63292EFC4600CC3FCE /* Build configuration list for PBXNativeTarget "Exercise_01Tests" */ = {
			isa = XCConfigurationList;
			buildConfigurations = (
				48A5EA64292EFC4600CC3FCE /* Debug */,
				48A5EA65292EFC4600CC3FCE /* Release */,
			);
			defaultConfigurationIsVisible = 0;
			defaultConfigurationName = Release;
		};
		48A5EA66292EFC4600CC3FCE /* Build configuration list for PBXNativeTarget "Exercise_01UITests" */ = {
			isa = XCConfigurationList;
			buildConfigurations = (
				48A5EA67292EFC4600CC3FCE /* Debug */,
				48A5EA68292EFC4600CC3FCE /* Release */,
			);
			defaultConfigurationIsVisible = 0;
			defaultConfigurationName = Release;
		};
/* End XCConfigurationList section */
	};
	rootObject = 48A5EA2E292EFC4400CC3FCE /* Project object */;
}
